
Microsoft Visual Studio Solution File, Format Version 12.00
# Visual Studio 15
VisualStudioVersion = 15.0.28010.0
MinimumVisualStudioVersion = 10.0.40219.1
Project("{9A19103F-16F7-4668-BE54-9A1E7A4F7556}") = "EnglishPremierLeague.Console", "EnglishPremierLeague\EnglishPremierLeague.Console.csproj", "{D9C05011-4E27-4993-A10A-69ED86506B0F}"
EndProject
Project("{9A19103F-16F7-4668-BE54-9A1E7A4F7556}") = "EnglishPremierLeague.Tests", "EnglishPremierLeague.Tests\EnglishPremierLeague.Tests.csproj", "{87649A20-FBBD-426E-BAAD-277E1DD9E02F}"
EndProject
Project("{9A19103F-16F7-4668-BE54-9A1E7A4F7556}") = "EnglishPremierLeague.Data", "EnglishPremierLeague.DataAdapters\EnglishPremierLeague.Data.csproj", "{369CA78A-872F-4D40-BB78-631F393A03D3}"
EndProject
Project("{9A19103F-16F7-4668-BE54-9A1E7A4F7556}") = "EnglishPremierLeague.BusinessService", "EnglishPremierLeague.BusinessService\EnglishPremierLeague.BusinessService.csproj", "{7AB73581-E339-456B-AABA-E8375182F11F}"
EndProject
Project("{9A19103F-16F7-4668-BE54-9A1E7A4F7556}") = "EnglishPremierLeague.Common", "EnglishPremierLeague.Common\EnglishPremierLeague.Common.csproj", "{CB3124D2-8DA1-4FB4-8B27-632251E40887}"
EndProject
Global
	GlobalSection(SolutionConfigurationPlatforms) = preSolution
		Debug|Any CPU = Debug|Any CPU
		Release|Any CPU = Release|Any CPU
	EndGlobalSection
	GlobalSection(ProjectConfigurationPlatforms) = postSolution
		{D9C05011-4E27-4993-A10A-69ED86506B0F}.Debug|Any CPU.ActiveCfg = Debug|Any CPU
		{D9C05011-4E27-4993-A10A-69ED86506B0F}.Debug|Any CPU.Build.0 = Debug|Any CPU
		{D9C05011-4E27-4993-A10A-69ED86506B0F}.Release|Any CPU.ActiveCfg = Release|Any CPU
		{D9C05011-4E27-4993-A10A-69ED86506B0F}.Release|Any CPU.Build.0 = Release|Any CPU
		{87649A20-FBBD-426E-BAAD-277E1DD9E02F}.Debug|Any CPU.ActiveCfg = Debug|Any CPU
		{87649A20-FBBD-426E-BAAD-277E1DD9E02F}.Debug|Any CPU.Build.0 = Debug|Any CPU
		{87649A20-FBBD-426E-BAAD-277E1DD9E02F}.Release|Any CPU.ActiveCfg = Release|Any CPU
		{87649A20-FBBD-426E-BAAD-277E1DD9E02F}.Release|Any CPU.Build.0 = Release|Any CPU
		{369CA78A-872F-4D40-BB78-631F393A03D3}.Debug|Any CPU.ActiveCfg = Debug|Any CPU
		{369CA78A-872F-4D40-BB78-631F393A03D3}.Debug|Any CPU.Build.0 = Debug|Any CPU
		{369CA78A-872F-4D40-BB78-631F393A03D3}.Release|Any CPU.ActiveCfg = Release|Any CPU
		{369CA78A-872F-4D40-BB78-631F393A03D3}.Release|Any CPU.Build.0 = Release|Any CPU
		{7AB73581-E339-456B-AABA-E8375182F11F}.Debug|Any CPU.ActiveCfg = Debug|Any CPU
		{7AB73581-E339-456B-AABA-E8375182F11F}.Debug|Any CPU.Build.0 = Debug|Any CPU
		{7AB73581-E339-456B-AABA-E8375182F11F}.Release|Any CPU.ActiveCfg = Release|Any CPU
		{7AB73581-E339-456B-AABA-E8375182F11F}.Release|Any CPU.Build.0 = Release|Any CPU
		{CB3124D2-8DA1-4FB4-8B27-632251E40887}.Debug|Any CPU.ActiveCfg = Debug|Any CPU
		{CB3124D2-8DA1-4FB4-8B27-632251E40887}.Debug|Any CPU.Build.0 = Debug|Any CPU
		{CB3124D2-8DA1-4FB4-8B27-632251E40887}.Release|Any CPU.ActiveCfg = Release|Any CPU
		{CB3124D2-8DA1-4FB4-8B27-632251E40887}.Release|Any CPU.Build.0 = Release|Any CPU
	EndGlobalSection
	GlobalSection(SolutionProperties) = preSolution
		HideSolutionNode = FALSE
	EndGlobalSection
	GlobalSection(ExtensibilityGlobals) = postSolution
		SolutionGuid = {72AF5ACD-A4C7-4BDD-BC97-9F2CC80242E9}
	EndGlobalSection
EndGlobal
